{
  "version": 4,
  "terraform_version": "0.14.0",
  "serial": 43,
  "lineage": "2f241ef6-7341-7152-3e6c-68349f963cac",
  "outputs": {},
  "resources": [
    {
      "mode": "data",
      "type": "aws_caller_identity",
      "name": "current",
      "provider": "provider[\"registry.terraform.io/hashicorp/aws\"]",
      "instances": [
        {
          "schema_version": 0,
          "attributes": {
            "account_id": "185984338510",
            "arn": "arn:aws:sts::185984338510:assumed-role/dev/i-09bb36fbd4a31f8be",
            "id": "185984338510",
            "user_id": "AROASWTMHZJHLI42S7HZ2:i-09bb36fbd4a31f8be"
          },
          "sensitive_attributes": []
        }
      ]
    },
    {
      "mode": "data",
      "type": "aws_region",
      "name": "current",
      "provider": "provider[\"registry.terraform.io/hashicorp/aws\"]",
      "instances": [
        {
          "schema_version": 0,
          "attributes": {
            "description": "Asia Pacific (Singapore)",
            "endpoint": "ec2.ap-southeast-1.amazonaws.com",
            "id": "ap-southeast-1",
            "name": "ap-southeast-1"
          },
          "sensitive_attributes": []
        }
      ]
    },
    {
      "mode": "data",
      "type": "aws_ssm_parameter",
      "name": "eks-ami-18",
      "provider": "provider[\"registry.terraform.io/hashicorp/aws\"]",
      "instances": [
        {
          "schema_version": 0,
          "attributes": {
            "arn": "arn:aws:ssm:ap-southeast-1::parameter/aws/service/eks/optimized-ami/1.18/amazon-linux-2/recommended/image_id",
            "id": "/aws/service/eks/optimized-ami/1.18/amazon-linux-2/recommended/image_id",
            "name": "/aws/service/eks/optimized-ami/1.18/amazon-linux-2/recommended/image_id",
            "type": "String",
            "value": "ami-09c825444c55d9426",
            "version": 14,
            "with_decryption": true
          },
          "sensitive_attributes": []
        }
      ]
    },
    {
      "mode": "managed",
      "type": "aws_iam_role_policy_attachment",
      "name": "eks-worker-role-cnipolicy",
      "provider": "provider[\"registry.terraform.io/hashicorp/aws\"]",
      "instances": [
        {
          "schema_version": 0,
          "attributes": {
            "id": "uat-helloworld-worker-role-20210418093610015500000005",
            "policy_arn": "arn:aws:iam::aws:policy/AmazonEKS_CNI_Policy",
            "role": "uat-helloworld-worker-role"
          },
          "sensitive_attributes": [],
          "private": "bnVsbA==",
          "dependencies": [
            "module.eks-worker-role.aws_iam_role.iam-role"
          ]
        }
      ]
    },
    {
      "mode": "managed",
      "type": "aws_iam_role_policy_attachment",
      "name": "eks-worker-role-nodeplicy",
      "provider": "provider[\"registry.terraform.io/hashicorp/aws\"]",
      "instances": [
        {
          "schema_version": 0,
          "attributes": {
            "id": "uat-helloworld-worker-role-20210418093610052600000006",
            "policy_arn": "arn:aws:iam::aws:policy/AmazonEKSWorkerNodePolicy",
            "role": "uat-helloworld-worker-role"
          },
          "sensitive_attributes": [],
          "private": "bnVsbA==",
          "dependencies": [
            "module.eks-worker-role.aws_iam_role.iam-role"
          ]
        }
      ]
    },
    {
      "mode": "managed",
      "type": "aws_iam_role_policy_attachment",
      "name": "eks-worker-role-servicepolicy",
      "provider": "provider[\"registry.terraform.io/hashicorp/aws\"]",
      "instances": [
        {
          "schema_version": 0,
          "attributes": {
            "id": "uat-helloworld-worker-role-20210418093610010700000004",
            "policy_arn": "arn:aws:iam::aws:policy/AmazonEKSServicePolicy",
            "role": "uat-helloworld-worker-role"
          },
          "sensitive_attributes": [],
          "private": "bnVsbA==",
          "dependencies": [
            "module.eks-worker-role.aws_iam_role.iam-role"
          ]
        }
      ]
    },
    {
      "mode": "managed",
      "type": "aws_security_group",
      "name": "eks-master",
      "provider": "provider[\"registry.terraform.io/hashicorp/aws\"]",
      "instances": [
        {
          "schema_version": 1,
          "attributes": {
            "arn": "arn:aws:ec2:ap-southeast-1:185984338510:security-group/sg-0491e9e720c55621c",
            "description": "Managed by Terraform",
            "egress": [
              {
                "cidr_blocks": [
                  "0.0.0.0/0"
                ],
                "description": "",
                "from_port": 0,
                "ipv6_cidr_blocks": [],
                "prefix_list_ids": [],
                "protocol": "-1",
                "security_groups": [],
                "self": false,
                "to_port": 0
              }
            ],
            "id": "sg-0491e9e720c55621c",
            "ingress": [
              {
                "cidr_blocks": [
                  "10.0.0.0/20"
                ],
                "description": "",
                "from_port": 443,
                "ipv6_cidr_blocks": [],
                "prefix_list_ids": [],
                "protocol": "tcp",
                "security_groups": [],
                "self": false,
                "to_port": 443
              },
              {
                "cidr_blocks": [],
                "description": "",
                "from_port": 0,
                "ipv6_cidr_blocks": [],
                "prefix_list_ids": [],
                "protocol": "-1",
                "security_groups": [],
                "self": true,
                "to_port": 0
              }
            ],
            "name": "uat-helloworld-eks-master",
            "name_prefix": "",
            "owner_id": "185984338510",
            "revoke_rules_on_delete": false,
            "tags": {
              "Cost-Center": "devops",
              "Environment": "uat",
              "Name": "uat-helloworld-eks-master-sg",
              "Owner": "SE",
              "Project": "helloworld",
              "ResourceType": "sg"
            },
            "timeouts": null,
            "vpc_id": "vpc-059344408783a35c9"
          },
          "sensitive_attributes": [],
          "private": "eyJlMmJmYjczMC1lY2FhLTExZTYtOGY4OC0zNDM2M2JjN2M0YzAiOnsiY3JlYXRlIjo2MDAwMDAwMDAwMDAsImRlbGV0ZSI6OTAwMDAwMDAwMDAwfSwic2NoZW1hX3ZlcnNpb24iOiIxIn0=",
          "dependencies": [
            "module.vpc.aws_vpc.main"
          ],
          "create_before_destroy": true
        }
      ]
    },
    {
      "mode": "managed",
      "type": "aws_security_group",
      "name": "eks-worker",
      "provider": "provider[\"registry.terraform.io/hashicorp/aws\"]",
      "instances": [
        {
          "schema_version": 1,
          "attributes": {
            "arn": "arn:aws:ec2:ap-southeast-1:185984338510:security-group/sg-0f84752ba5c3b8472",
            "description": "Managed by Terraform",
            "egress": [
              {
                "cidr_blocks": [
                  "0.0.0.0/0"
                ],
                "description": "",
                "from_port": 0,
                "ipv6_cidr_blocks": [],
                "prefix_list_ids": [],
                "protocol": "-1",
                "security_groups": [],
                "self": false,
                "to_port": 0
              }
            ],
            "id": "sg-0f84752ba5c3b8472",
            "ingress": [
              {
                "cidr_blocks": [
                  "0.0.0.0/0"
                ],
                "description": "",
                "from_port": 0,
                "ipv6_cidr_blocks": [],
                "prefix_list_ids": [],
                "protocol": "-1",
                "security_groups": [],
                "self": false,
                "to_port": 0
              }
            ],
            "name": "uat-helloworld-eks-worker",
            "name_prefix": "",
            "owner_id": "185984338510",
            "revoke_rules_on_delete": false,
            "tags": {
              "Cost-Center": "devops",
              "Environment": "uat",
              "Name": "uat-helloworld-eks-worker-sg",
              "Owner": "SE",
              "Project": "helloworld",
              "ResourceType": "sg"
            },
            "timeouts": null,
            "vpc_id": "vpc-059344408783a35c9"
          },
          "sensitive_attributes": [],
          "private": "eyJlMmJmYjczMC1lY2FhLTExZTYtOGY4OC0zNDM2M2JjN2M0YzAiOnsiY3JlYXRlIjo2MDAwMDAwMDAwMDAsImRlbGV0ZSI6OTAwMDAwMDAwMDAwfSwic2NoZW1hX3ZlcnNpb24iOiIxIn0=",
          "dependencies": [
            "module.vpc.aws_vpc.main"
          ],
          "create_before_destroy": true
        }
      ]
    },
    {
      "mode": "managed",
      "type": "null_resource",
      "name": "config-map-auth",
      "provider": "provider[\"registry.terraform.io/hashicorp/null\"]",
      "instances": [
        {
          "status": "tainted",
          "schema_version": 0,
          "attributes": {
            "id": "6276926017602392334",
            "triggers": null
          },
          "sensitive_attributes": [],
          "private": "bnVsbA==",
          "dependencies": [
            "module.eks-worker-role.aws_iam_role.iam-role"
          ]
        }
      ]
    },
    {
      "mode": "managed",
      "type": "null_resource",
      "name": "kubeconfig",
      "provider": "provider[\"registry.terraform.io/hashicorp/null\"]",
      "instances": [
        {
          "schema_version": 0,
          "attributes": {
            "id": "6735663852814094525",
            "triggers": null
          },
          "sensitive_attributes": [],
          "private": "bnVsbA==",
          "dependencies": [
            "aws_security_group.eks-master",
            "module.eks-cluster.aws_eks_cluster.eks",
            "module.eks-cluster.aws_iam_role.eks-role",
            "module.vpc.aws_subnet.private",
            "module.vpc.aws_vpc.main"
          ]
        }
      ]
    },
    {
      "module": "module.eks-cluster",
      "mode": "managed",
      "type": "aws_eks_cluster",
      "name": "eks",
      "provider": "provider[\"registry.terraform.io/hashicorp/aws\"]",
      "instances": [
        {
          "schema_version": 0,
          "attributes": {
            "arn": "arn:aws:eks:ap-southeast-1:185984338510:cluster/uat-helloworld-eks-cluster",
            "certificate_authority": [
              {
                "data": "LS0tLS1CRUdJTiBDRVJUSUZJQ0FURS0tLS0tCk1JSUN5RENDQWJDZ0F3SUJBZ0lCQURBTkJna3Foa2lHOXcwQkFRc0ZBREFWTVJNd0VRWURWUVFERXdwcmRXSmwKY201bGRHVnpNQjRYRFRJeE1EUXhPREE1TkRJd05sb1hEVE14TURReE5qQTVOREl3Tmxvd0ZURVRNQkVHQTFVRQpBeE1LYTNWaVpYSnVaWFJsY3pDQ0FTSXdEUVlKS29aSWh2Y05BUUVCQlFBRGdnRVBBRENDQVFvQ2dnRUJBTlhyCndtVjRIck0rTm4yNk5HSEpueEhzM1NYemkrM21QQW5lTXVJeTNPNThWcWplQUV6QklQNnNQKzVDT3p3aWNCNVQKdFpPQnhkRHZuMGxjNTdOU3lrQ1ZVVXJuc1phNG1XSGZQRHozR25OMm5vRzdBWjhBSlZrNU1Yb2d4Wlk3VzVITApDRjUvK3R6UlMvS2tjc3VHMElqd1ZWaGE5WWtxaHpuQUdoMnljcmIwVkRyQXc5eWtKOHh1WmM3RkpqdGt4TDJUCndqdVpWS2tLNDIxUEY1RnVMSFJ4MXNQSXhnZkNlTnhIN2x2SGN5S0d5QURDYU1yWWt1aThtbHdhZjl6Q2ZMTHkKeHVkVTBNdEF0TVBIcDNsNjIxTHNsU21vSlBReWxyVHVQM055ODVjeUMvNXRoWmdGSmY3eEtMcDN6Z2xKbVV3ZwpKZ2NPbktXejZUN1JNR2FGTHhVQ0F3RUFBYU1qTUNFd0RnWURWUjBQQVFIL0JBUURBZ0trTUE4R0ExVWRFd0VCCi93UUZNQU1CQWY4d0RRWUpLb1pJaHZjTkFRRUxCUUFEZ2dFQkFJdDVRR3Z4Y2RQTWg5aVBRRVpnb3JmOVdYRHoKSmxMM0gvd3JVUmZBQnhqTXg1OC9UMlZJbktZK3JNdzhkQTduMDV2bVBOQTRyb0cwN2l1Ulg1Qm1JR2RaZFdQNQozUlJHVGhCK25OSEhXWE5pUW5pcXplc3U4Z2tiZWlzTEpOVWhianlmOXE1REc4ck1NR2t3Zkk3OHprTEFtZmNHCmxlcnBaSlVwdVdxbi9OeFpsazV6aXZ1THBaWUV1TnhyZ1BtK2FOM1k2c3Uvc3luQk8wVWsrZWcvUXkwakJoY3UKVWMyUnBqM251NWhhYnBpbTRBb2hzdTBXay9QaTZsY2ZQdmhwSEpPSERXNGxDNjJJRmN3VDRmSnZSZlBSc3AvSwovVUp0WHhXV0hJeDd4N0tocmZLcWhxVTVia05OUXQvMFZaOUVFU0ZUcWgwemVzYXN0TEtQRE9GdmJuZz0KLS0tLS1FTkQgQ0VSVElGSUNBVEUtLS0tLQo="
              }
            ],
            "created_at": "2021-04-18 09:36:19.268 +0000 UTC",
            "enabled_cluster_log_types": [
              "api",
              "audit"
            ],
            "encryption_config": [],
            "endpoint": "https://9F9A5C9705999025D123A8A9E33A59F4.gr7.ap-southeast-1.eks.amazonaws.com",
            "id": "uat-helloworld-eks-cluster",
            "identity": [
              {
                "oidc": [
                  {
                    "issuer": "https://oidc.eks.ap-southeast-1.amazonaws.com/id/9F9A5C9705999025D123A8A9E33A59F4"
                  }
                ]
              }
            ],
            "kubernetes_network_config": [
              {
                "service_ipv4_cidr": "172.20.0.0/16"
              }
            ],
            "name": "uat-helloworld-eks-cluster",
            "platform_version": "eks.4",
            "role_arn": "arn:aws:iam::185984338510:role/uat-helloworld-eks-cluster",
            "status": "ACTIVE",
            "tags": {},
            "timeouts": null,
            "version": "1.18",
            "vpc_config": [
              {
                "cluster_security_group_id": "sg-0d5be575e5fa87bdc",
                "endpoint_private_access": true,
                "endpoint_public_access": false,
                "public_access_cidrs": [],
                "security_group_ids": [
                  "sg-0491e9e720c55621c"
                ],
                "subnet_ids": [
                  "subnet-0176c085db73f6e37",
                  "subnet-0ee3dcad12d2e68a1",
                  "subnet-0f625d59fc618fc17"
                ],
                "vpc_id": "vpc-059344408783a35c9"
              }
            ]
          },
          "sensitive_attributes": [],
          "private": "eyJlMmJmYjczMC1lY2FhLTExZTYtOGY4OC0zNDM2M2JjN2M0YzAiOnsiY3JlYXRlIjoxODAwMDAwMDAwMDAwLCJkZWxldGUiOjkwMDAwMDAwMDAwMCwidXBkYXRlIjozNjAwMDAwMDAwMDAwfX0=",
          "dependencies": [
            "aws_security_group.eks-master",
            "module.eks-cluster.aws_iam_role.eks-role",
            "module.vpc.aws_subnet.private",
            "module.vpc.aws_vpc.main"
          ],
          "create_before_destroy": true
        }
      ]
    },
    {
      "module": "module.eks-cluster",
      "mode": "managed",
      "type": "aws_iam_role",
      "name": "eks-role",
      "provider": "provider[\"registry.terraform.io/hashicorp/aws\"]",
      "instances": [
        {
          "schema_version": 0,
          "attributes": {
            "arn": "arn:aws:iam::185984338510:role/uat-helloworld-eks-cluster",
            "assume_role_policy": "{\"Version\":\"2012-10-17\",\"Statement\":[{\"Effect\":\"Allow\",\"Principal\":{\"Service\":\"eks.amazonaws.com\"},\"Action\":\"sts:AssumeRole\"}]}",
            "create_date": "2021-04-18T09:36:06Z",
            "description": "",
            "force_detach_policies": false,
            "id": "uat-helloworld-eks-cluster",
            "inline_policy": [
              {
                "name": "",
                "policy": ""
              }
            ],
            "managed_policy_arns": [
              "arn:aws:iam::aws:policy/AmazonEKSClusterPolicy",
              "arn:aws:iam::aws:policy/AmazonEKSServicePolicy",
              "arn:aws:iam::aws:policy/AmazonEKS_CNI_Policy"
            ],
            "max_session_duration": 3600,
            "name": "uat-helloworld-eks-cluster",
            "name_prefix": null,
            "path": "/",
            "permissions_boundary": null,
            "tags": {
              "Cost-Center": "devops",
              "Environment": "uat",
              "Name": "uat-helloworld-eks-cluster",
              "Owner": "SE",
              "Project": "helloworld",
              "ResourceType": "eks-master"
            },
            "unique_id": "AROASWTMHZJHLG7CW3IKV"
          },
          "sensitive_attributes": [],
          "private": "bnVsbA==",
          "create_before_destroy": true
        }
      ]
    },
    {
      "module": "module.eks-cluster",
      "mode": "managed",
      "type": "aws_iam_role_policy_attachment",
      "name": "AmazonEKSClusterPolicy",
      "provider": "provider[\"registry.terraform.io/hashicorp/aws\"]",
      "instances": [
        {
          "schema_version": 0,
          "attributes": {
            "id": "uat-helloworld-eks-cluster-20210418093609868700000001",
            "policy_arn": "arn:aws:iam::aws:policy/AmazonEKSClusterPolicy",
            "role": "uat-helloworld-eks-cluster"
          },
          "sensitive_attributes": [],
          "private": "bnVsbA==",
          "dependencies": [
            "module.eks-cluster.aws_iam_role.eks-role"
          ]
        }
      ]
    },
    {
      "module": "module.eks-cluster",
      "mode": "managed",
      "type": "aws_iam_role_policy_attachment",
      "name": "AmazonEKSServicePolicy",
      "provider": "provider[\"registry.terraform.io/hashicorp/aws\"]",
      "instances": [
        {
          "schema_version": 0,
          "attributes": {
            "id": "uat-helloworld-eks-cluster-20210418093609897100000003",
            "policy_arn": "arn:aws:iam::aws:policy/AmazonEKSServicePolicy",
            "role": "uat-helloworld-eks-cluster"
          },
          "sensitive_attributes": [],
          "private": "bnVsbA==",
          "dependencies": [
            "module.eks-cluster.aws_iam_role.eks-role"
          ]
        }
      ]
    },
    {
      "module": "module.eks-cluster",
      "mode": "managed",
      "type": "aws_iam_role_policy_attachment",
      "name": "AmazonEKS_CNI_Policy",
      "provider": "provider[\"registry.terraform.io/hashicorp/aws\"]",
      "instances": [
        {
          "schema_version": 0,
          "attributes": {
            "id": "uat-helloworld-eks-cluster-20210418093609874600000002",
            "policy_arn": "arn:aws:iam::aws:policy/AmazonEKS_CNI_Policy",
            "role": "uat-helloworld-eks-cluster"
          },
          "sensitive_attributes": [],
          "private": "bnVsbA==",
          "dependencies": [
            "module.eks-cluster.aws_iam_role.eks-role"
          ]
        }
      ]
    },
    {
      "module": "module.eks-launch-template",
      "mode": "managed",
      "type": "aws_launch_template",
      "name": "lt",
      "provider": "provider[\"registry.terraform.io/hashicorp/aws\"]",
      "instances": [
        {
          "schema_version": 0,
          "attributes": {
            "arn": "arn:aws:ec2:ap-southeast-1:185984338510:launch-template/lt-05ea3b44618817666",
            "block_device_mappings": [
              {
                "device_name": "/dev/xvda",
                "ebs": [
                  {
                    "delete_on_termination": "",
                    "encrypted": "",
                    "iops": 0,
                    "kms_key_id": "",
                    "snapshot_id": "",
                    "throughput": 0,
                    "volume_size": 100,
                    "volume_type": ""
                  }
                ],
                "no_device": "",
                "virtual_name": ""
              }
            ],
            "capacity_reservation_specification": [],
            "cpu_options": [],
            "credit_specification": [],
            "default_version": 1,
            "description": "",
            "disable_api_termination": false,
            "ebs_optimized": "",
            "elastic_gpu_specifications": [],
            "elastic_inference_accelerator": [],
            "enclave_options": [],
            "hibernation_options": [],
            "iam_instance_profile": [
              {
                "arn": "arn:aws:iam::185984338510:instance-profile/uat-helloworld-worker-role",
                "name": ""
              }
            ],
            "id": "lt-05ea3b44618817666",
            "image_id": "ami-09c825444c55d9426",
            "instance_initiated_shutdown_behavior": "terminate",
            "instance_market_options": [],
            "instance_type": "t3.xlarge",
            "kernel_id": "",
            "key_name": "uat-helloworld-worker",
            "latest_version": 1,
            "license_specification": [],
            "metadata_options": [],
            "monitoring": [],
            "name": "uat-helloworld-eks-lt",
            "name_prefix": null,
            "network_interfaces": [],
            "placement": [],
            "ram_disk_id": "",
            "security_group_names": [],
            "tag_specifications": [
              {
                "resource_type": "instance",
                "tags": {
                  "Cost-Center": "devops",
                  "Environment": "uat",
                  "Name": "uat-helloworld-eks-worker",
                  "Owner": "SE",
                  "Project": "helloworld",
                  "ResourceType": "ec2",
                  "kubernetes.io/cluster/uat-helloworld-eks-cluster": "owned"
                }
              },
              {
                "resource_type": "volume",
                "tags": {
                  "Cost-Center": "devops",
                  "Environment": "uat",
                  "Name": "uat-helloworld-eks-worker-storage",
                  "Owner": "SE",
                  "Project": "helloworld",
                  "ResourceType": "ebs"
                }
              }
            ],
            "tags": {
              "Cost-Center": "devops",
              "Environment": "uat",
              "Name": "uat-helloworld-eks-lt",
              "Owner": "SE",
              "Project": "helloworld",
              "ResourceType": "lt"
            },
            "update_default_version": null,
            "user_data": "IyEvYmluL2Jhc2gKc2V0IC1vIHh0cmFjZQovZXRjL2Vrcy9ib290c3RyYXAuc2ggLS1hcGlzZXJ2ZXItZW5kcG9pbnQgJ2h0dHBzOi8vOUY5QTVDOTcwNTk5OTAyNUQxMjNBOEE5RTMzQTU5RjQuZ3I3LmFwLXNvdXRoZWFzdC0xLmVrcy5hbWF6b25hd3MuY29tJyAtLWI2NC1jbHVzdGVyLWNhICdMUzB0TFMxQ1JVZEpUaUJEUlZKVVNVWkpRMEZVUlMwdExTMHRDazFKU1VONVJFTkRRV0pEWjBGM1NVSkJaMGxDUVVSQlRrSm5hM0ZvYTJsSE9YY3dRa0ZSYzBaQlJFRldUVkpOZDBWUldVUldVVkZFUlhkd2NtUlhTbXdLWTIwMWJHUkhWbnBOUWpSWVJGUkplRTFFVVhoUFJFRTFUa1JKZDA1c2IxaEVWRTE0VFVSUmVFNXFRVFZPUkVsM1RteHZkMFpVUlZSTlFrVkhRVEZWUlFwQmVFMUxZVE5XYVZwWVNuVmFXRkpzWTNwRFEwRlRTWGRFVVZsS1MyOWFTV2gyWTA1QlVVVkNRbEZCUkdkblJWQkJSRU5EUVZGdlEyZG5SVUpCVGxoeUNuZHRWalJJY2swclRtNHlOazVIU0VwdWVFaHpNMU5ZZW1rck0yMVFRVzVsVFhWSmVUTlBOVGhXY1dwbFFVVjZRa2xRTm5OUUt6VkRUM3AzYVdOQ05WUUtkRnBQUW5oa1JIWnVNR3hqTlRkT1UzbHJRMVpWVlhKdWMxcGhORzFYU0daUVJIb3pSMjVPTW01dlJ6ZEJXamhCU2xack5VMVliMmQ0V2xrM1Z6VklUQXBEUmpVdkszUjZVbE12UzJ0amMzVkhNRWxxZDFaV2FHRTVXV3R4YUhwdVFVZG9NbmxqY21Jd1ZrUnlRWGM1ZVd0S09IaDFXbU0zUmtwcWRHdDRUREpVQ25kcWRWcFdTMnRMTkRJeFVFWTFSblZNU0ZKNE1YTlFTWGhuWmtObFRuaElOMngyU0dONVMwZDVRVVJEWVUxeVdXdDFhVGh0YkhkaFpqbDZRMlpNVEhrS2VIVmtWVEJOZEVGMFRWQkljRE5zTmpJeFRITnNVMjF2U2xCUmVXeHlWSFZRTTA1NU9EVmplVU12TlhSb1dtZEdTbVkzZUV0TWNETjZaMnhLYlZWM1p3cEtaMk5QYmt0WGVqWlVOMUpOUjJGR1RIaFZRMEYzUlVGQllVMXFUVU5GZDBSbldVUldVakJRUVZGSUwwSkJVVVJCWjB0clRVRTRSMEV4VldSRmQwVkNDaTkzVVVaTlFVMUNRV1k0ZDBSUldVcExiMXBKYUhaalRrRlJSVXhDVVVGRVoyZEZRa0ZKZERWUlIzWjRZMlJRVFdnNWFWQlJSVnBuYjNKbU9WZFlSSG9LU214TU0wZ3ZkM0pWVW1aQlFuaHFUWGcxT0M5VU1sWkpia3RaSzNKTmR6aGtRVGR1TURWMmJWQk9RVFJ5YjBjd04ybDFVbGcxUW0xSlIyUmFaRmRRTlFvelVsSkhWR2hDSzI1T1NFaFhXRTVwVVc1cGNYcGxjM1U0WjJ0aVpXbHpURXBPVldoaWFubG1PWEUxUkVjNGNrMU5SMnQzWmtrM09IcHJURUZ0Wm1OSENteGxjbkJhU2xWd2RWZHhiaTlPZUZwc2F6VjZhWFoxVEhCYVdVVjFUbmh5WjFCdEsyRk9NMWsyYzNVdmMzbHVRazh3VldzclpXY3ZVWGt3YWtKb1kzVUtWV015VW5CcU0yNTFOV2hoWW5CcGJUUkJiMmh6ZFRCWGF5OVFhVFpzWTJaUWRtaHdTRXBQU0VSWE5HeEROakpKUm1OM1ZEUm1TblpTWmxCU2MzQXZTd292VlVwMFdIaFhWMGhKZURkNE4wdG9jbVpMY1doeFZUVmlhMDVPVVhRdk1GWmFPVVZGVTBaVWNXZ3dlbVZ6WVhOMFRFdFFSRTlHZG1KdVp6MEtMUzB0TFMxRlRrUWdRMFZTVkVsR1NVTkJWRVV0TFMwdExRbz0nICd1YXQtaGVsbG93b3JsZC1la3MtY2x1c3RlcicK",
            "vpc_security_group_ids": [
              "sg-0f84752ba5c3b8472"
            ]
          },
          "sensitive_attributes": [],
          "private": "bnVsbA==",
          "dependencies": [
            "aws_security_group.eks-master",
            "aws_security_group.eks-worker",
            "data.aws_ssm_parameter.eks-ami-18",
            "module.eks-cluster.aws_eks_cluster.eks",
            "module.eks-cluster.aws_iam_role.eks-role",
            "module.eks-worker-role.aws_iam_instance_profile.iam-instances-profile",
            "module.eks-worker-role.aws_iam_role.iam-role",
            "module.vpc.aws_subnet.private",
            "module.vpc.aws_vpc.main",
            "module.worker-node-keypair.aws_key_pair.keypair"
          ],
          "create_before_destroy": true
        }
      ]
    },
    {
      "module": "module.eks-worker-asg",
      "mode": "managed",
      "type": "aws_autoscaling_group",
      "name": "asg",
      "provider": "provider[\"registry.terraform.io/hashicorp/aws\"]",
      "instances": [
        {
          "schema_version": 0,
          "attributes": {
            "arn": "arn:aws:autoscaling:ap-southeast-1:185984338510:autoScalingGroup:7abab986-19df-4956-93e4-48bc7bec44c1:autoScalingGroupName/uat-helloworld-eks-worker-asg",
            "availability_zones": [
              "ap-southeast-1a",
              "ap-southeast-1b",
              "ap-southeast-1c"
            ],
            "capacity_rebalance": false,
            "default_cooldown": 180,
            "desired_capacity": 1,
            "enabled_metrics": [
              "GroupDesiredCapacity",
              "GroupInServiceInstances",
              "GroupMaxSize",
              "GroupMinSize",
              "GroupPendingInstances",
              "GroupStandbyInstances",
              "GroupTerminatingInstances",
              "GroupTotalInstances"
            ],
            "force_delete": true,
            "force_delete_warm_pool": false,
            "health_check_grace_period": 90,
            "health_check_type": "ELB",
            "id": "uat-helloworld-eks-worker-asg",
            "initial_lifecycle_hook": [],
            "instance_refresh": [],
            "launch_configuration": "",
            "launch_template": [],
            "load_balancers": [],
            "max_instance_lifetime": 0,
            "max_size": 2,
            "metrics_granularity": "1Minute",
            "min_elb_capacity": null,
            "min_size": 1,
            "mixed_instances_policy": [
              {
                "instances_distribution": [
                  {
                    "on_demand_allocation_strategy": "prioritized",
                    "on_demand_base_capacity": 0,
                    "on_demand_percentage_above_base_capacity": 100,
                    "spot_allocation_strategy": "lowest-price",
                    "spot_instance_pools": 2,
                    "spot_max_price": ""
                  }
                ],
                "launch_template": [
                  {
                    "launch_template_specification": [
                      {
                        "launch_template_id": "lt-05ea3b44618817666",
                        "launch_template_name": "uat-helloworld-eks-lt",
                        "version": "$Latest"
                      }
                    ],
                    "override": [
                      {
                        "instance_type": "c6g.xlarge",
                        "launch_template_specification": [],
                        "weighted_capacity": ""
                      },
                      {
                        "instance_type": "m5.xlarge",
                        "launch_template_specification": [],
                        "weighted_capacity": ""
                      },
                      {
                        "instance_type": "m5a.xlarge",
                        "launch_template_specification": [],
                        "weighted_capacity": ""
                      },
                      {
                        "instance_type": "m6g.xlarge",
                        "launch_template_specification": [],
                        "weighted_capacity": ""
                      }
                    ]
                  }
                ]
              }
            ],
            "name": "uat-helloworld-eks-worker-asg",
            "name_prefix": null,
            "placement_group": "",
            "protect_from_scale_in": false,
            "service_linked_role_arn": "arn:aws:iam::185984338510:role/aws-service-role/autoscaling.amazonaws.com/AWSServiceRoleForAutoScaling",
            "suspended_processes": [],
            "tag": [],
            "tags": null,
            "target_group_arns": [],
            "termination_policies": [
              "OldestInstance",
              "OldestLaunchTemplate"
            ],
            "timeouts": null,
            "vpc_zone_identifier": [
              "subnet-0176c085db73f6e37",
              "subnet-0ee3dcad12d2e68a1",
              "subnet-0f625d59fc618fc17"
            ],
            "wait_for_capacity_timeout": "10m",
            "wait_for_elb_capacity": null,
            "warm_pool": []
          },
          "sensitive_attributes": [],
          "private": "eyJlMmJmYjczMC1lY2FhLTExZTYtOGY4OC0zNDM2M2JjN2M0YzAiOnsiZGVsZXRlIjo2MDAwMDAwMDAwMDB9fQ==",
          "dependencies": [
            "aws_security_group.eks-master",
            "aws_security_group.eks-worker",
            "data.aws_ssm_parameter.eks-ami-18",
            "module.eks-cluster.aws_eks_cluster.eks",
            "module.eks-cluster.aws_iam_role.eks-role",
            "module.eks-launch-template.aws_launch_template.lt",
            "module.eks-worker-role.aws_iam_instance_profile.iam-instances-profile",
            "module.eks-worker-role.aws_iam_role.iam-role",
            "module.vpc.aws_subnet.private",
            "module.vpc.aws_vpc.main",
            "module.worker-node-keypair.aws_key_pair.keypair"
          ],
          "create_before_destroy": true
        }
      ]
    },
    {
      "module": "module.eks-worker-role",
      "mode": "managed",
      "type": "aws_iam_instance_profile",
      "name": "iam-instances-profile",
      "provider": "provider[\"registry.terraform.io/hashicorp/aws\"]",
      "instances": [
        {
          "schema_version": 0,
          "attributes": {
            "arn": "arn:aws:iam::185984338510:instance-profile/uat-helloworld-worker-role",
            "create_date": "2021-04-18T09:36:09Z",
            "id": "uat-helloworld-worker-role",
            "name": "uat-helloworld-worker-role",
            "name_prefix": null,
            "path": "/",
            "role": "uat-helloworld-worker-role",
            "tags": {},
            "unique_id": "AIPASWTMHZJHKPGTPI3KL"
          },
          "sensitive_attributes": [],
          "private": "bnVsbA==",
          "dependencies": [
            "module.eks-worker-role.aws_iam_role.iam-role"
          ],
          "create_before_destroy": true
        }
      ]
    },
    {
      "module": "module.eks-worker-role",
      "mode": "managed",
      "type": "aws_iam_role",
      "name": "iam-role",
      "provider": "provider[\"registry.terraform.io/hashicorp/aws\"]",
      "instances": [
        {
          "schema_version": 0,
          "attributes": {
            "arn": "arn:aws:iam::185984338510:role/uat-helloworld-worker-role",
            "assume_role_policy": "{\"Version\":\"2012-10-17\",\"Statement\":[{\"Sid\":\"\",\"Effect\":\"Allow\",\"Principal\":{\"Service\":\"ec2.amazonaws.com\"},\"Action\":\"sts:AssumeRole\"}]}",
            "create_date": "2021-04-18T09:36:06Z",
            "description": "",
            "force_detach_policies": false,
            "id": "uat-helloworld-worker-role",
            "inline_policy": [
              {
                "name": "",
                "policy": ""
              }
            ],
            "managed_policy_arns": [
              "arn:aws:iam::aws:policy/AmazonEKSServicePolicy",
              "arn:aws:iam::aws:policy/AmazonEKSWorkerNodePolicy",
              "arn:aws:iam::aws:policy/AmazonEKS_CNI_Policy"
            ],
            "max_session_duration": 3600,
            "name": "uat-helloworld-worker-role",
            "name_prefix": null,
            "path": "/",
            "permissions_boundary": null,
            "tags": {
              "Cost-Center": "devops",
              "Environment": "uat",
              "Name": "uat-helloworld-eks-woker",
              "Owner": "SE",
              "Project": "helloworld",
              "ResourceType": "iam"
            },
            "unique_id": "AROASWTMHZJHON7RPIKGI"
          },
          "sensitive_attributes": [],
          "private": "bnVsbA==",
          "create_before_destroy": true
        }
      ]
    },
    {
      "module": "module.vpc",
      "mode": "managed",
      "type": "aws_eip",
      "name": "main",
      "provider": "provider[\"registry.terraform.io/hashicorp/aws\"]",
      "instances": [
        {
          "schema_version": 0,
          "attributes": {
            "allocation_id": null,
            "associate_with_private_ip": null,
            "association_id": "eipassoc-02c2c36891ab32310",
            "carrier_ip": "",
            "customer_owned_ip": "",
            "customer_owned_ipv4_pool": "",
            "domain": "vpc",
            "id": "eipalloc-0d314509ebbd9b5c3",
            "instance": "",
            "network_border_group": "ap-southeast-1",
            "network_interface": "eni-0ec5d04b00994dd8b",
            "private_dns": "ip-10-0-4-78.ap-southeast-1.compute.internal",
            "private_ip": "10.0.4.78",
            "public_dns": "ec2-52-220-70-94.ap-southeast-1.compute.amazonaws.com",
            "public_ip": "52.220.70.94",
            "public_ipv4_pool": "amazon",
            "tags": {
              "Cost-Center": "devops",
              "Environment": "uat",
              "Name": "uat-helloworld-eip",
              "Owner": "SE",
              "Project": "helloworld",
              "ResourceType": "EIP"
            },
            "timeouts": null,
            "vpc": true
          },
          "sensitive_attributes": [],
          "private": "eyJlMmJmYjczMC1lY2FhLTExZTYtOGY4OC0zNDM2M2JjN2M0YzAiOnsiZGVsZXRlIjoxODAwMDAwMDAwMDAsInJlYWQiOjkwMDAwMDAwMDAwMCwidXBkYXRlIjozMDAwMDAwMDAwMDB9fQ=="
        }
      ]
    },
    {
      "module": "module.vpc",
      "mode": "managed",
      "type": "aws_internet_gateway",
      "name": "main",
      "provider": "provider[\"registry.terraform.io/hashicorp/aws\"]",
      "instances": [
        {
          "schema_version": 0,
          "attributes": {
            "arn": "arn:aws:ec2:ap-southeast-1:185984338510:internet-gateway/igw-0da2063b8caf35616",
            "id": "igw-0da2063b8caf35616",
            "owner_id": "185984338510",
            "tags": {
              "Cost-Center": "devops",
              "Environment": "uat",
              "Name": "uat-helloworld-igw",
              "Owner": "SE",
              "Project": "helloworld",
              "ResourceType": "IGW"
            },
            "vpc_id": "vpc-059344408783a35c9"
          },
          "sensitive_attributes": [],
          "private": "bnVsbA==",
          "dependencies": [
            "module.vpc.aws_vpc.main"
          ]
        }
      ]
    },
    {
      "module": "module.vpc",
      "mode": "managed",
      "type": "aws_nat_gateway",
      "name": "main",
      "provider": "provider[\"registry.terraform.io/hashicorp/aws\"]",
      "instances": [
        {
          "schema_version": 0,
          "attributes": {
            "allocation_id": "eipalloc-0d314509ebbd9b5c3",
            "id": "nat-05385be3769d37a53",
            "network_interface_id": "eni-0ec5d04b00994dd8b",
            "private_ip": "10.0.4.78",
            "public_ip": "52.220.70.94",
            "subnet_id": "subnet-0d367be30ef5a400c",
            "tags": {
              "Cost-Center": "devops",
              "Environment": "uat",
              "Name": "uat-helloworld-nat-gw",
              "Owner": "SE",
              "Project": "helloworld",
              "ResourceType": "NAT GW"
            }
          },
          "sensitive_attributes": [],
          "private": "bnVsbA==",
          "dependencies": [
            "module.vpc.aws_eip.main",
            "module.vpc.aws_subnet.public",
            "module.vpc.aws_vpc.main"
          ]
        }
      ]
    },
    {
      "module": "module.vpc",
      "mode": "managed",
      "type": "aws_route",
      "name": "igw",
      "provider": "provider[\"registry.terraform.io/hashicorp/aws\"]",
      "instances": [
        {
          "schema_version": 0,
          "attributes": {
            "carrier_gateway_id": "",
            "destination_cidr_block": "0.0.0.0/0",
            "destination_ipv6_cidr_block": "",
            "destination_prefix_list_id": "",
            "egress_only_gateway_id": "",
            "gateway_id": "igw-0da2063b8caf35616",
            "id": "r-rtb-0f62f46730866cfae1080289494",
            "instance_id": "",
            "instance_owner_id": "",
            "local_gateway_id": "",
            "nat_gateway_id": "",
            "network_interface_id": "",
            "origin": "CreateRoute",
            "route_table_id": "rtb-0f62f46730866cfae",
            "state": "active",
            "timeouts": null,
            "transit_gateway_id": "",
            "vpc_endpoint_id": "",
            "vpc_peering_connection_id": ""
          },
          "sensitive_attributes": [],
          "private": "eyJlMmJmYjczMC1lY2FhLTExZTYtOGY4OC0zNDM2M2JjN2M0YzAiOnsiY3JlYXRlIjoxMjAwMDAwMDAwMDAsImRlbGV0ZSI6MzAwMDAwMDAwMDAwfX0=",
          "dependencies": [
            "module.vpc.aws_internet_gateway.main",
            "module.vpc.aws_route_table.public",
            "module.vpc.aws_vpc.main"
          ]
        }
      ]
    },
    {
      "module": "module.vpc",
      "mode": "managed",
      "type": "aws_route",
      "name": "nat_gw",
      "provider": "provider[\"registry.terraform.io/hashicorp/aws\"]",
      "instances": [
        {
          "schema_version": 0,
          "attributes": {
            "carrier_gateway_id": "",
            "destination_cidr_block": "0.0.0.0/0",
            "destination_ipv6_cidr_block": "",
            "destination_prefix_list_id": "",
            "egress_only_gateway_id": "",
            "gateway_id": "",
            "id": "r-rtb-0f680285189b1d9f71080289494",
            "instance_id": "",
            "instance_owner_id": "",
            "local_gateway_id": "",
            "nat_gateway_id": "nat-05385be3769d37a53",
            "network_interface_id": "",
            "origin": "CreateRoute",
            "route_table_id": "rtb-0f680285189b1d9f7",
            "state": "active",
            "timeouts": null,
            "transit_gateway_id": "",
            "vpc_endpoint_id": "",
            "vpc_peering_connection_id": ""
          },
          "sensitive_attributes": [],
          "private": "eyJlMmJmYjczMC1lY2FhLTExZTYtOGY4OC0zNDM2M2JjN2M0YzAiOnsiY3JlYXRlIjoxMjAwMDAwMDAwMDAsImRlbGV0ZSI6MzAwMDAwMDAwMDAwfX0=",
          "dependencies": [
            "module.vpc.aws_eip.main",
            "module.vpc.aws_nat_gateway.main",
            "module.vpc.aws_route_table.private",
            "module.vpc.aws_subnet.public",
            "module.vpc.aws_vpc.main"
          ]
        }
      ]
    },
    {
      "module": "module.vpc",
      "mode": "managed",
      "type": "aws_route_table",
      "name": "private",
      "provider": "provider[\"registry.terraform.io/hashicorp/aws\"]",
      "instances": [
        {
          "schema_version": 0,
          "attributes": {
            "arn": "arn:aws:ec2:ap-southeast-1:185984338510:route-table/rtb-0f680285189b1d9f7",
            "id": "rtb-0f680285189b1d9f7",
            "owner_id": "185984338510",
            "propagating_vgws": [],
            "route": [
              {
                "carrier_gateway_id": "",
                "cidr_block": "0.0.0.0/0",
                "destination_prefix_list_id": "",
                "egress_only_gateway_id": "",
                "gateway_id": "",
                "instance_id": "",
                "ipv6_cidr_block": "",
                "local_gateway_id": "",
                "nat_gateway_id": "nat-05385be3769d37a53",
                "network_interface_id": "",
                "transit_gateway_id": "",
                "vpc_endpoint_id": "",
                "vpc_peering_connection_id": ""
              }
            ],
            "tags": {
              "Cost-Center": "devops",
              "Environment": "uat",
              "Name": "uat-helloworld-private",
              "Owner": "SE",
              "Project": "helloworld",
              "ResourceType": "ROUTE-TABLE"
            },
            "vpc_id": "vpc-059344408783a35c9"
          },
          "sensitive_attributes": [],
          "private": "bnVsbA==",
          "dependencies": [
            "module.vpc.aws_vpc.main"
          ]
        }
      ]
    },
    {
      "module": "module.vpc",
      "mode": "managed",
      "type": "aws_route_table",
      "name": "public",
      "provider": "provider[\"registry.terraform.io/hashicorp/aws\"]",
      "instances": [
        {
          "schema_version": 0,
          "attributes": {
            "arn": "arn:aws:ec2:ap-southeast-1:185984338510:route-table/rtb-0f62f46730866cfae",
            "id": "rtb-0f62f46730866cfae",
            "owner_id": "185984338510",
            "propagating_vgws": [],
            "route": [
              {
                "carrier_gateway_id": "",
                "cidr_block": "0.0.0.0/0",
                "destination_prefix_list_id": "",
                "egress_only_gateway_id": "",
                "gateway_id": "igw-0da2063b8caf35616",
                "instance_id": "",
                "ipv6_cidr_block": "",
                "local_gateway_id": "",
                "nat_gateway_id": "",
                "network_interface_id": "",
                "transit_gateway_id": "",
                "vpc_endpoint_id": "",
                "vpc_peering_connection_id": ""
              }
            ],
            "tags": {
              "Cost-Center": "devops",
              "Environment": "uat",
              "Name": "uat-helloworld-public",
              "Owner": "SE",
              "Project": "helloworld",
              "ResourceType": "ROUTE-TABLE"
            },
            "vpc_id": "vpc-059344408783a35c9"
          },
          "sensitive_attributes": [],
          "private": "bnVsbA==",
          "dependencies": [
            "module.vpc.aws_internet_gateway.main",
            "module.vpc.aws_vpc.main"
          ]
        }
      ]
    },
    {
      "module": "module.vpc",
      "mode": "managed",
      "type": "aws_route_table_association",
      "name": "private",
      "provider": "provider[\"registry.terraform.io/hashicorp/aws\"]",
      "instances": [
        {
          "index_key": "10.0.1.0/24",
          "schema_version": 0,
          "attributes": {
            "gateway_id": null,
            "id": "rtbassoc-0a9752c465a1073c5",
            "route_table_id": "rtb-0f680285189b1d9f7",
            "subnet_id": "subnet-0176c085db73f6e37"
          },
          "sensitive_attributes": [],
          "private": "bnVsbA==",
          "dependencies": [
            "module.vpc.aws_route_table.private",
            "module.vpc.aws_subnet.private",
            "module.vpc.aws_vpc.main"
          ]
        },
        {
          "index_key": "10.0.2.0/24",
          "schema_version": 0,
          "attributes": {
            "gateway_id": null,
            "id": "rtbassoc-0238ad194f27575bb",
            "route_table_id": "rtb-0f680285189b1d9f7",
            "subnet_id": "subnet-0ee3dcad12d2e68a1"
          },
          "sensitive_attributes": [],
          "private": "bnVsbA==",
          "dependencies": [
            "module.vpc.aws_route_table.private",
            "module.vpc.aws_subnet.private",
            "module.vpc.aws_vpc.main"
          ]
        },
        {
          "index_key": "10.0.3.0/24",
          "schema_version": 0,
          "attributes": {
            "gateway_id": null,
            "id": "rtbassoc-0431d5b2dab2ec735",
            "route_table_id": "rtb-0f680285189b1d9f7",
            "subnet_id": "subnet-0f625d59fc618fc17"
          },
          "sensitive_attributes": [],
          "private": "bnVsbA==",
          "dependencies": [
            "module.vpc.aws_route_table.private",
            "module.vpc.aws_subnet.private",
            "module.vpc.aws_vpc.main"
          ]
        }
      ]
    },
    {
      "module": "module.vpc",
      "mode": "managed",
      "type": "aws_route_table_association",
      "name": "public",
      "provider": "provider[\"registry.terraform.io/hashicorp/aws\"]",
      "instances": [
        {
          "index_key": "10.0.4.0/24",
          "schema_version": 0,
          "attributes": {
            "gateway_id": null,
            "id": "rtbassoc-0a4016aa186d9045e",
            "route_table_id": "rtb-0f62f46730866cfae",
            "subnet_id": "subnet-0d367be30ef5a400c"
          },
          "sensitive_attributes": [],
          "private": "bnVsbA==",
          "dependencies": [
            "module.vpc.aws_internet_gateway.main",
            "module.vpc.aws_route_table.public",
            "module.vpc.aws_subnet.public",
            "module.vpc.aws_vpc.main"
          ]
        },
        {
          "index_key": "10.0.5.0/24",
          "schema_version": 0,
          "attributes": {
            "gateway_id": null,
            "id": "rtbassoc-04b6f8bcab7463860",
            "route_table_id": "rtb-0f62f46730866cfae",
            "subnet_id": "subnet-0c2e66b824e100d89"
          },
          "sensitive_attributes": [],
          "private": "bnVsbA==",
          "dependencies": [
            "module.vpc.aws_internet_gateway.main",
            "module.vpc.aws_route_table.public",
            "module.vpc.aws_subnet.public",
            "module.vpc.aws_vpc.main"
          ]
        },
        {
          "index_key": "10.0.6.0/24",
          "schema_version": 0,
          "attributes": {
            "gateway_id": null,
            "id": "rtbassoc-0df1463e4c67539b7",
            "route_table_id": "rtb-0f62f46730866cfae",
            "subnet_id": "subnet-0141d169425c3ae6c"
          },
          "sensitive_attributes": [],
          "private": "bnVsbA==",
          "dependencies": [
            "module.vpc.aws_internet_gateway.main",
            "module.vpc.aws_route_table.public",
            "module.vpc.aws_subnet.public",
            "module.vpc.aws_vpc.main"
          ]
        }
      ]
    },
    {
      "module": "module.vpc",
      "mode": "managed",
      "type": "aws_subnet",
      "name": "private",
      "provider": "provider[\"registry.terraform.io/hashicorp/aws\"]",
      "instances": [
        {
          "index_key": "10.0.1.0/24",
          "schema_version": 1,
          "attributes": {
            "arn": "arn:aws:ec2:ap-southeast-1:185984338510:subnet/subnet-0176c085db73f6e37",
            "assign_ipv6_address_on_creation": false,
            "availability_zone": "ap-southeast-1a",
            "availability_zone_id": "apse1-az1",
            "cidr_block": "10.0.1.0/24",
            "customer_owned_ipv4_pool": "",
            "id": "subnet-0176c085db73f6e37",
            "ipv6_cidr_block": "",
            "ipv6_cidr_block_association_id": "",
            "map_customer_owned_ip_on_launch": false,
            "map_public_ip_on_launch": false,
            "outpost_arn": "",
            "owner_id": "185984338510",
            "tags": {
              "Cost-Center": "devops",
              "Environment": "uat",
              "Name": "uat-helloworld-private-ap-southeast-1a",
              "Owner": "SE",
              "Project": "helloworld",
              "ResourceType": "SUBNET",
              "kubernetes.io/cluster/uat-helloworld-eks-cluster": "shared"
            },
            "tags_all": {
              "Cost-Center": "devops",
              "Environment": "uat",
              "Name": "uat-helloworld-private-ap-southeast-1a",
              "Owner": "SE",
              "Project": "helloworld",
              "ResourceType": "SUBNET",
              "kubernetes.io/cluster/uat-helloworld-eks-cluster": "shared"
            },
            "timeouts": null,
            "vpc_id": "vpc-059344408783a35c9"
          },
          "sensitive_attributes": [],
          "private": "eyJlMmJmYjczMC1lY2FhLTExZTYtOGY4OC0zNDM2M2JjN2M0YzAiOnsiY3JlYXRlIjo2MDAwMDAwMDAwMDAsImRlbGV0ZSI6MTIwMDAwMDAwMDAwMH0sInNjaGVtYV92ZXJzaW9uIjoiMSJ9",
          "dependencies": [
            "module.vpc.aws_vpc.main"
          ],
          "create_before_destroy": true
        },
        {
          "index_key": "10.0.2.0/24",
          "schema_version": 1,
          "attributes": {
            "arn": "arn:aws:ec2:ap-southeast-1:185984338510:subnet/subnet-0ee3dcad12d2e68a1",
            "assign_ipv6_address_on_creation": false,
            "availability_zone": "ap-southeast-1b",
            "availability_zone_id": "apse1-az2",
            "cidr_block": "10.0.2.0/24",
            "customer_owned_ipv4_pool": "",
            "id": "subnet-0ee3dcad12d2e68a1",
            "ipv6_cidr_block": "",
            "ipv6_cidr_block_association_id": "",
            "map_customer_owned_ip_on_launch": false,
            "map_public_ip_on_launch": false,
            "outpost_arn": "",
            "owner_id": "185984338510",
            "tags": {
              "Cost-Center": "devops",
              "Environment": "uat",
              "Name": "uat-helloworld-private-ap-southeast-1b",
              "Owner": "SE",
              "Project": "helloworld",
              "ResourceType": "SUBNET",
              "kubernetes.io/cluster/uat-helloworld-eks-cluster": "shared"
            },
            "tags_all": {
              "Cost-Center": "devops",
              "Environment": "uat",
              "Name": "uat-helloworld-private-ap-southeast-1b",
              "Owner": "SE",
              "Project": "helloworld",
              "ResourceType": "SUBNET",
              "kubernetes.io/cluster/uat-helloworld-eks-cluster": "shared"
            },
            "timeouts": null,
            "vpc_id": "vpc-059344408783a35c9"
          },
          "sensitive_attributes": [],
          "private": "eyJlMmJmYjczMC1lY2FhLTExZTYtOGY4OC0zNDM2M2JjN2M0YzAiOnsiY3JlYXRlIjo2MDAwMDAwMDAwMDAsImRlbGV0ZSI6MTIwMDAwMDAwMDAwMH0sInNjaGVtYV92ZXJzaW9uIjoiMSJ9",
          "dependencies": [
            "module.vpc.aws_vpc.main"
          ],
          "create_before_destroy": true
        },
        {
          "index_key": "10.0.3.0/24",
          "schema_version": 1,
          "attributes": {
            "arn": "arn:aws:ec2:ap-southeast-1:185984338510:subnet/subnet-0f625d59fc618fc17",
            "assign_ipv6_address_on_creation": false,
            "availability_zone": "ap-southeast-1c",
            "availability_zone_id": "apse1-az3",
            "cidr_block": "10.0.3.0/24",
            "customer_owned_ipv4_pool": "",
            "id": "subnet-0f625d59fc618fc17",
            "ipv6_cidr_block": "",
            "ipv6_cidr_block_association_id": "",
            "map_customer_owned_ip_on_launch": false,
            "map_public_ip_on_launch": false,
            "outpost_arn": "",
            "owner_id": "185984338510",
            "tags": {
              "Cost-Center": "devops",
              "Environment": "uat",
              "Name": "uat-helloworld-private-ap-southeast-1c",
              "Owner": "SE",
              "Project": "helloworld",
              "ResourceType": "SUBNET",
              "kubernetes.io/cluster/uat-helloworld-eks-cluster": "shared"
            },
            "tags_all": {
              "Cost-Center": "devops",
              "Environment": "uat",
              "Name": "uat-helloworld-private-ap-southeast-1c",
              "Owner": "SE",
              "Project": "helloworld",
              "ResourceType": "SUBNET",
              "kubernetes.io/cluster/uat-helloworld-eks-cluster": "shared"
            },
            "timeouts": null,
            "vpc_id": "vpc-059344408783a35c9"
          },
          "sensitive_attributes": [],
          "private": "eyJlMmJmYjczMC1lY2FhLTExZTYtOGY4OC0zNDM2M2JjN2M0YzAiOnsiY3JlYXRlIjo2MDAwMDAwMDAwMDAsImRlbGV0ZSI6MTIwMDAwMDAwMDAwMH0sInNjaGVtYV92ZXJzaW9uIjoiMSJ9",
          "dependencies": [
            "module.vpc.aws_vpc.main"
          ],
          "create_before_destroy": true
        }
      ]
    },
    {
      "module": "module.vpc",
      "mode": "managed",
      "type": "aws_subnet",
      "name": "public",
      "provider": "provider[\"registry.terraform.io/hashicorp/aws\"]",
      "instances": [
        {
          "index_key": "10.0.4.0/24",
          "schema_version": 1,
          "attributes": {
            "arn": "arn:aws:ec2:ap-southeast-1:185984338510:subnet/subnet-0d367be30ef5a400c",
            "assign_ipv6_address_on_creation": false,
            "availability_zone": "ap-southeast-1a",
            "availability_zone_id": "apse1-az1",
            "cidr_block": "10.0.4.0/24",
            "customer_owned_ipv4_pool": "",
            "id": "subnet-0d367be30ef5a400c",
            "ipv6_cidr_block": "",
            "ipv6_cidr_block_association_id": "",
            "map_customer_owned_ip_on_launch": false,
            "map_public_ip_on_launch": false,
            "outpost_arn": "",
            "owner_id": "185984338510",
            "tags": {
              "Cost-Center": "devops",
              "Environment": "uat",
              "Name": "uat-helloworld-public-ap-southeast-1a",
              "Owner": "SE",
              "Project": "helloworld",
              "ResourceType": "SUBNET"
            },
            "tags_all": {
              "Cost-Center": "devops",
              "Environment": "uat",
              "Name": "uat-helloworld-public-ap-southeast-1a",
              "Owner": "SE",
              "Project": "helloworld",
              "ResourceType": "SUBNET"
            },
            "timeouts": null,
            "vpc_id": "vpc-059344408783a35c9"
          },
          "sensitive_attributes": [],
          "private": "eyJlMmJmYjczMC1lY2FhLTExZTYtOGY4OC0zNDM2M2JjN2M0YzAiOnsiY3JlYXRlIjo2MDAwMDAwMDAwMDAsImRlbGV0ZSI6MTIwMDAwMDAwMDAwMH0sInNjaGVtYV92ZXJzaW9uIjoiMSJ9",
          "dependencies": [
            "module.vpc.aws_vpc.main"
          ]
        },
        {
          "index_key": "10.0.5.0/24",
          "schema_version": 1,
          "attributes": {
            "arn": "arn:aws:ec2:ap-southeast-1:185984338510:subnet/subnet-0c2e66b824e100d89",
            "assign_ipv6_address_on_creation": false,
            "availability_zone": "ap-southeast-1b",
            "availability_zone_id": "apse1-az2",
            "cidr_block": "10.0.5.0/24",
            "customer_owned_ipv4_pool": "",
            "id": "subnet-0c2e66b824e100d89",
            "ipv6_cidr_block": "",
            "ipv6_cidr_block_association_id": "",
            "map_customer_owned_ip_on_launch": false,
            "map_public_ip_on_launch": false,
            "outpost_arn": "",
            "owner_id": "185984338510",
            "tags": {
              "Cost-Center": "devops",
              "Environment": "uat",
              "Name": "uat-helloworld-public-ap-southeast-1b",
              "Owner": "SE",
              "Project": "helloworld",
              "ResourceType": "SUBNET"
            },
            "tags_all": {
              "Cost-Center": "devops",
              "Environment": "uat",
              "Name": "uat-helloworld-public-ap-southeast-1b",
              "Owner": "SE",
              "Project": "helloworld",
              "ResourceType": "SUBNET"
            },
            "timeouts": null,
            "vpc_id": "vpc-059344408783a35c9"
          },
          "sensitive_attributes": [],
          "private": "eyJlMmJmYjczMC1lY2FhLTExZTYtOGY4OC0zNDM2M2JjN2M0YzAiOnsiY3JlYXRlIjo2MDAwMDAwMDAwMDAsImRlbGV0ZSI6MTIwMDAwMDAwMDAwMH0sInNjaGVtYV92ZXJzaW9uIjoiMSJ9",
          "dependencies": [
            "module.vpc.aws_vpc.main"
          ]
        },
        {
          "index_key": "10.0.6.0/24",
          "schema_version": 1,
          "attributes": {
            "arn": "arn:aws:ec2:ap-southeast-1:185984338510:subnet/subnet-0141d169425c3ae6c",
            "assign_ipv6_address_on_creation": false,
            "availability_zone": "ap-southeast-1c",
            "availability_zone_id": "apse1-az3",
            "cidr_block": "10.0.6.0/24",
            "customer_owned_ipv4_pool": "",
            "id": "subnet-0141d169425c3ae6c",
            "ipv6_cidr_block": "",
            "ipv6_cidr_block_association_id": "",
            "map_customer_owned_ip_on_launch": false,
            "map_public_ip_on_launch": false,
            "outpost_arn": "",
            "owner_id": "185984338510",
            "tags": {
              "Cost-Center": "devops",
              "Environment": "uat",
              "Name": "uat-helloworld-public-ap-southeast-1c",
              "Owner": "SE",
              "Project": "helloworld",
              "ResourceType": "SUBNET"
            },
            "tags_all": {
              "Cost-Center": "devops",
              "Environment": "uat",
              "Name": "uat-helloworld-public-ap-southeast-1c",
              "Owner": "SE",
              "Project": "helloworld",
              "ResourceType": "SUBNET"
            },
            "timeouts": null,
            "vpc_id": "vpc-059344408783a35c9"
          },
          "sensitive_attributes": [],
          "private": "eyJlMmJmYjczMC1lY2FhLTExZTYtOGY4OC0zNDM2M2JjN2M0YzAiOnsiY3JlYXRlIjo2MDAwMDAwMDAwMDAsImRlbGV0ZSI6MTIwMDAwMDAwMDAwMH0sInNjaGVtYV92ZXJzaW9uIjoiMSJ9",
          "dependencies": [
            "module.vpc.aws_vpc.main"
          ]
        }
      ]
    },
    {
      "module": "module.vpc",
      "mode": "managed",
      "type": "aws_vpc",
      "name": "main",
      "provider": "provider[\"registry.terraform.io/hashicorp/aws\"]",
      "instances": [
        {
          "schema_version": 1,
          "attributes": {
            "arn": "arn:aws:ec2:ap-southeast-1:185984338510:vpc/vpc-059344408783a35c9",
            "assign_generated_ipv6_cidr_block": false,
            "cidr_block": "10.0.0.0/20",
            "default_network_acl_id": "acl-0b7fc33484e938dde",
            "default_route_table_id": "rtb-0df33670e5b43e84c",
            "default_security_group_id": "sg-06da3c2b75c88c3b4",
            "dhcp_options_id": "dopt-926c33f5",
            "enable_classiclink": false,
            "enable_classiclink_dns_support": false,
            "enable_dns_hostnames": true,
            "enable_dns_support": true,
            "id": "vpc-059344408783a35c9",
            "instance_tenancy": "default",
            "ipv6_association_id": "",
            "ipv6_cidr_block": "",
            "main_route_table_id": "rtb-0df33670e5b43e84c",
            "owner_id": "185984338510",
            "tags": {
              "Cost-Center": "devops",
              "Environment": "uat",
              "Name": "uat-helloworld-vpc",
              "Owner": "SE",
              "Project": "helloworld",
              "ResourceType": "VPC"
            },
            "tags_all": {
              "Cost-Center": "devops",
              "Environment": "uat",
              "Name": "uat-helloworld-vpc",
              "Owner": "SE",
              "Project": "helloworld",
              "ResourceType": "VPC"
            }
          },
          "sensitive_attributes": [],
          "private": "eyJzY2hlbWFfdmVyc2lvbiI6IjEifQ==",
          "create_before_destroy": true
        }
      ]
    },
    {
      "module": "module.worker-node-keypair",
      "mode": "managed",
      "type": "aws_key_pair",
      "name": "keypair",
      "provider": "provider[\"registry.terraform.io/hashicorp/aws\"]",
      "instances": [
        {
          "schema_version": 1,
          "attributes": {
            "arn": "arn:aws:ec2:ap-southeast-1:185984338510:key-pair/uat-helloworld-worker",
            "fingerprint": "b3:39:e0:69:e3:e9:2f:0f:a5:5a:63:92:62:01:6b:df",
            "id": "uat-helloworld-worker",
            "key_name": "uat-helloworld-worker",
            "key_name_prefix": null,
            "key_pair_id": "key-0bf4316382d0f7005",
            "public_key": "ssh-rsa AAAAB3NzaC1yc2EAAAADAQABAAACAQCw9zKZ5kC8m/Xi2QsbQh9w5R7JjtJAy2fTutn12e0Yn4o9MT888YofdaVAl4+J6wkE25yTVjFaTY/y85XWjs61WSIHKEts01YySEZ+5NVazpkai6+PKm5yDMNCIS71qRVURaClnhcq58TeV7oDJnHTvviW1sOh3H63YBpte2gevxQv876SH0nvHuzsMDuGavmKHO5qoL7sFHbc1FP2C2zcUCrQbLXuimY8TUQYvqRopE5CqONy/buP8FXGaXZyK5/pGwNvKry8IJEZY3sZEHdUH+HXlVJBRNywS55MuD3CQwNJMKmWpQE+jGPyzA8HAaElpvRKixTCfThMUOVaV5k6an4LsWQK/j/b9cBVMs7un/kGgaOZnMYDehVGHf4cow/YaHrptzh4zR5Hsu0oe7qxKGSVxSAOsNw+9qE8E8AQmtoHkbsdJTgV8EGBhWoEo6Zld7EKgG7Q4UoArhYMnZTe6RA0Ciz5lj8rO1XXGycS1ONhugan2rEPeIGD9t6f6sxtZfxmE5QviDje2COMueiPET/FaxX7hBMxFf/6mD07/CG3VwfwhLTelIvEaAWuHHGPe0yhbdMuaF6GAs6qxUJTyHS7swpLjj79vvCperfEaIi26uGWoTVTQdT+gaQkHQsTHveiLhtQOggOPHAH3rE2SRC7gKJVi8EReU5iRb1wBQ== L-bKash-MAC-106",
            "tags": {}
          },
          "sensitive_attributes": [],
          "private": "eyJzY2hlbWFfdmVyc2lvbiI6IjEifQ==",
          "create_before_destroy": true
        }
      ]
    }
  ]
}
